
Microsoft Visual Studio Solution File, Format Version 12.00
# Visual Studio 15
VisualStudioVersion = 15.0.28307.1259
MinimumVisualStudioVersion = 10.0.40219.1
Project("{8BC9CEB8-8B4A-11D0-8D11-00A0C91BC942}") = "ConsoleApplication1", "ConsoleApplication1\ConsoleApplication1.vcxproj", "{59432FE8-4EDA-457D-88B1-9A0E6C17A605}"
EndProject
Global
	GlobalSection(SolutionConfigurationPlatforms) = preSolution
		Debug|x64 = Debug|x64
		Debug|x86 = Debug|x86
		Release|x64 = Release|x64
		Release|x86 = Release|x86
	EndGlobalSection
	GlobalSection(ProjectConfigurationPlatforms) = postSolution
		{59432FE8-4EDA-457D-88B1-9A0E6C17A605}.Debug|x64.ActiveCfg = Debug|x64
		{59432FE8-4EDA-457D-88B1-9A0E6C17A605}.Debug|x64.Build.0 = Debug|x64
		{59432FE8-4EDA-457D-88B1-9A0E6C17A605}.Debug|x86.ActiveCfg = Debug|Win32
		{59432FE8-4EDA-457D-88B1-9A0E6C17A605}.Debug|x86.Build.0 = Debug|Win32
		{59432FE8-4EDA-457D-88B1-9A0E6C17A605}.Release|x64.ActiveCfg = Release|x64
		{59432FE8-4EDA-457D-88B1-9A0E6C17A605}.Release|x64.Build.0 = Release|x64
		{59432FE8-4EDA-457D-88B1-9A0E6C17A605}.Release|x86.ActiveCfg = Release|Win32
		{59432FE8-4EDA-457D-88B1-9A0E6C17A605}.Release|x86.Build.0 = Release|Win32
	EndGlobalSection
	GlobalSection(SolutionProperties) = preSolution
		HideSolutionNode = FALSE
	EndGlobalSection
	GlobalSection(ExtensibilityGlobals) = postSolution
		SolutionGuid = {35816523-AD57-411A-A045-7A66981D69FA}
	EndGlobalSection
EndGlobal
